
Microsoft Visual Studio Solution File, Format Version 12.00
# Visual Studio 15
Project("{FAE04EC0-301F-11D3-BF4B-00C04F79EFBC}") = "NavMeshComponents", "NavMeshComponents.csproj", "{CE43FDF0-7812-9A60-BC63-33858BBD02B9}"
EndProject
Project("{FAE04EC0-301F-11D3-BF4B-00C04F79EFBC}") = "Assembly-CSharp", "Assembly-CSharp.csproj", "{8BFAA811-B908-614D-6F89-069F9F34BED6}"
EndProject
Project("{FAE04EC0-301F-11D3-BF4B-00C04F79EFBC}") = "NavMeshComponentsEditor", "NavMeshComponentsEditor.csproj", "{5F8FA4C4-30AC-277F-57D3-09C84EEE88CF}"
EndProject
Global
	GlobalSection(SolutionConfigurationPlatforms) = preSolution
		Debug|Any CPU = Debug|Any CPU
		Release|Any CPU = Release|Any CPU
	EndGlobalSection
	GlobalSection(ProjectConfigurationPlatforms) = postSolution
		{CE43FDF0-7812-9A60-BC63-33858BBD02B9}.Debug|Any CPU.ActiveCfg = Debug|Any CPU
		{CE43FDF0-7812-9A60-BC63-33858BBD02B9}.Debug|Any CPU.Build.0 = Debug|Any CPU
		{CE43FDF0-7812-9A60-BC63-33858BBD02B9}.Release|Any CPU.ActiveCfg = Release|Any CPU
		{CE43FDF0-7812-9A60-BC63-33858BBD02B9}.Release|Any CPU.Build.0 = Release|Any CPU
		{8BFAA811-B908-614D-6F89-069F9F34BED6}.Debug|Any CPU.ActiveCfg = Debug|Any CPU
		{8BFAA811-B908-614D-6F89-069F9F34BED6}.Debug|Any CPU.Build.0 = Debug|Any CPU
		{8BFAA811-B908-614D-6F89-069F9F34BED6}.Release|Any CPU.ActiveCfg = Release|Any CPU
		{8BFAA811-B908-614D-6F89-069F9F34BED6}.Release|Any CPU.Build.0 = Release|Any CPU
		{5F8FA4C4-30AC-277F-57D3-09C84EEE88CF}.Debug|Any CPU.ActiveCfg = Debug|Any CPU
		{5F8FA4C4-30AC-277F-57D3-09C84EEE88CF}.Debug|Any CPU.Build.0 = Debug|Any CPU
		{5F8FA4C4-30AC-277F-57D3-09C84EEE88CF}.Release|Any CPU.ActiveCfg = Release|Any CPU
		{5F8FA4C4-30AC-277F-57D3-09C84EEE88CF}.Release|Any CPU.Build.0 = Release|Any CPU
	EndGlobalSection
	GlobalSection(SolutionProperties) = preSolution
		HideSolutionNode = FALSE
	EndGlobalSection
EndGlobal
